
Microsoft Visual Studio Solution File, Format Version 12.00
# Visual Studio 15
VisualStudioVersion = 15.0.27729.1
MinimumVisualStudioVersion = 10.0.40219.1
Project("{2150E333-8FDC-42A3-9474-1A3956D46DE8}") = "src", "src", "{3E131F3E-F5FA-42AC-81D0-10C540B25EDF}"
EndProject
Project("{9A19103F-16F7-4668-BE54-9A1E7A4F7556}") = "ImageGallery.API.Client.Console", "src\ImageGallery.API.Client.Console\ImageGallery.API.Client.Console.csproj", "{A8558BF1-FD0A-4B63-ACBF-3CA84829AA26}"
EndProject
Project("{2150E333-8FDC-42A3-9474-1A3956D46DE8}") = "test", "test", "{7228B49A-AEC6-46AE-A4C5-A0706D5883C6}"
EndProject
Project("{9A19103F-16F7-4668-BE54-9A1E7A4F7556}") = "ImageGallery.API.Client.Test", "test\ImageGallery.API.Client.Test\ImageGallery.API.Client.Test.csproj", "{A8FBC6D8-3F22-4A08-BF57-1554386EC2D3}"
EndProject
Project("{9A19103F-16F7-4668-BE54-9A1E7A4F7556}") = "ImageGallery.FlickrService", "src\ImageGallery.FlickrService\ImageGallery.FlickrService.csproj", "{4D0C5099-458E-461A-919A-F4D263726D2B}"
EndProject
Project("{9A19103F-16F7-4668-BE54-9A1E7A4F7556}") = "ImageGallery.API.Client.Service", "src\ImageGallery.API.Client.Service\ImageGallery.API.Client.Service.csproj", "{D50C75D4-0D0A-499F-850C-CC61C13DAAC7}"
EndProject
Global
	GlobalSection(SolutionConfigurationPlatforms) = preSolution
		Debug|Any CPU = Debug|Any CPU
		Release|Any CPU = Release|Any CPU
	EndGlobalSection
	GlobalSection(ProjectConfigurationPlatforms) = postSolution
		{A8558BF1-FD0A-4B63-ACBF-3CA84829AA26}.Debug|Any CPU.ActiveCfg = Debug|Any CPU
		{A8558BF1-FD0A-4B63-ACBF-3CA84829AA26}.Debug|Any CPU.Build.0 = Debug|Any CPU
		{A8558BF1-FD0A-4B63-ACBF-3CA84829AA26}.Release|Any CPU.ActiveCfg = Release|Any CPU
		{A8558BF1-FD0A-4B63-ACBF-3CA84829AA26}.Release|Any CPU.Build.0 = Release|Any CPU
		{A8FBC6D8-3F22-4A08-BF57-1554386EC2D3}.Debug|Any CPU.ActiveCfg = Debug|Any CPU
		{A8FBC6D8-3F22-4A08-BF57-1554386EC2D3}.Debug|Any CPU.Build.0 = Debug|Any CPU
		{A8FBC6D8-3F22-4A08-BF57-1554386EC2D3}.Release|Any CPU.ActiveCfg = Release|Any CPU
		{A8FBC6D8-3F22-4A08-BF57-1554386EC2D3}.Release|Any CPU.Build.0 = Release|Any CPU
		{4D0C5099-458E-461A-919A-F4D263726D2B}.Debug|Any CPU.ActiveCfg = Debug|Any CPU
		{4D0C5099-458E-461A-919A-F4D263726D2B}.Debug|Any CPU.Build.0 = Debug|Any CPU
		{4D0C5099-458E-461A-919A-F4D263726D2B}.Release|Any CPU.ActiveCfg = Release|Any CPU
		{4D0C5099-458E-461A-919A-F4D263726D2B}.Release|Any CPU.Build.0 = Release|Any CPU
		{D50C75D4-0D0A-499F-850C-CC61C13DAAC7}.Debug|Any CPU.ActiveCfg = Debug|Any CPU
		{D50C75D4-0D0A-499F-850C-CC61C13DAAC7}.Debug|Any CPU.Build.0 = Debug|Any CPU
		{D50C75D4-0D0A-499F-850C-CC61C13DAAC7}.Release|Any CPU.ActiveCfg = Release|Any CPU
		{D50C75D4-0D0A-499F-850C-CC61C13DAAC7}.Release|Any CPU.Build.0 = Release|Any CPU
	EndGlobalSection
	GlobalSection(SolutionProperties) = preSolution
		HideSolutionNode = FALSE
	EndGlobalSection
	GlobalSection(NestedProjects) = preSolution
		{A8558BF1-FD0A-4B63-ACBF-3CA84829AA26} = {3E131F3E-F5FA-42AC-81D0-10C540B25EDF}
		{4D0C5099-458E-461A-919A-F4D263726D2B} = {3E131F3E-F5FA-42AC-81D0-10C540B25EDF}
		{D50C75D4-0D0A-499F-850C-CC61C13DAAC7} = {3E131F3E-F5FA-42AC-81D0-10C540B25EDF}
	EndGlobalSection
	GlobalSection(ExtensibilityGlobals) = postSolution
		SolutionGuid = {26FF2C3E-FF5A-4035-8412-7A17442B3405}
	EndGlobalSection
EndGlobal
